// !$*UTF8*$!
{
	archiveVersion = 1;
	classes = {
	};
	objectVersion = 46;
	objects = {

/* Begin PBXBuildFile section */
		627CDDBB1BA9124400865F19 /* AppDelegate.swift in Sources */ = {isa = PBXBuildFile; fileRef = 627CDDBA1BA9124400865F19 /* AppDelegate.swift */; };
		627CDDC01BA9124400865F19 /* Main.storyboard in Resources */ = {isa = PBXBuildFile; fileRef = 627CDDBE1BA9124400865F19 /* Main.storyboard */; };
		627CDDC21BA9124400865F19 /* Assets.xcassets in Resources */ = {isa = PBXBuildFile; fileRef = 627CDDC11BA9124400865F19 /* Assets.xcassets */; };
		627CDDC51BA9124400865F19 /* LaunchScreen.storyboard in Resources */ = {isa = PBXBuildFile; fileRef = 627CDDC31BA9124400865F19 /* LaunchScreen.storyboard */; };
		627CDDCD1BA9127D00865F19 /* TableViewBackgroundImage.swift in Sources */ = {isa = PBXBuildFile; fileRef = 627CDDCC1BA9127D00865F19 /* TableViewBackgroundImage.swift */; };
/* End PBXBuildFile section */

/* Begin PBXFileReference section */
		627CDDB71BA9124400865F19 /* TableViewBackgroundImage.app */ = {isa = PBXFileReference; explicitFileType = wrapper.application; includeInIndex = 0; path = TableViewBackgroundImage.app; sourceTree = BUILT_PRODUCTS_DIR; };
		627CDDBA1BA9124400865F19 /* AppDelegate.swift */ = {isa = PBXFileReference; lastKnownFileType = sourcecode.swift; path = AppDelegate.swift; sourceTree = "<group>"; };
		627CDDBF1BA9124400865F19 /* Base */ = {isa = PBXFileReference; lastKnownFileType = file.storyboard; name = Base; path = Base.lproj/Main.storyboard; sourceTree = "<group>"; };
		627CDDC11BA9124400865F19 /* Assets.xcassets */ = {isa = PBXFileReference; lastKnownFileType = folder.assetcatalog; path = Assets.xcassets; sourceTree = "<group>"; };
		627CDDC41BA9124400865F19 /* Base */ = {isa = PBXFileReference; lastKnownFileType = file.storyboard; name = Base; path = Base.lproj/LaunchScreen.storyboard; sourceTree = "<group>"; };
		627CDDC61BA9124400865F19 /* Info.plist */ = {isa = PBXFileReference; lastKnownFileType = text.plist.xml; path = Info.plist; sourceTree = "<group>"; };
		627CDDCC1BA9127D00865F19 /* TableViewBackgroundImage.swift */ = {isa = PBXFileReference; fileEncoding = 4; lastKnownFileType = sourcecode.swift; path = TableViewBackgroundImage.swift; sourceTree = "<group>"; };
/* End PBXFileReference section */

/* Begin PBXFrameworksBuildPhase section */
		627CDDB41BA9124400865F19 /* Frameworks */ = {
			isa = PBXFrameworksBuildPhase;
			buildActionMask = 2147483647;
			files = (
			);
			runOnlyForDeploymentPostprocessing = 0;
		};
/* End PBXFrameworksBuildPhase section */

/* Begin PBXGroup section */
		624C5E511C8879AF0052A837 /* Resources */ = {
			isa = PBXGroup;
			children = (
				627CDDC11BA9124400865F19 /* Assets.xcassets */,
				627CDDC31BA9124400865F19 /* LaunchScreen.storyboard */,
				627CDDBE1BA9124400865F19 /* Main.storyboard */,
			);
			path = Resources;
			sourceTree = "<group>";
		};
		624C5E521C8879BD0052A837 /* SupportFiles */ = {
			isa = PBXGroup;
			children = (
				627CDDC61BA9124400865F19 /* Info.plist */,
			);
			path = SupportFiles;
			sourceTree = "<group>";
		};
		627CDDAE1BA9124400865F19 = {
			isa = PBXGroup;
			children = (
				627CDDB81BA9124400865F19 /* Products */,
				624C5E511C8879AF0052A837 /* Resources */,
				627CDDB91BA9124400865F19 /* Source */,
				624C5E521C8879BD0052A837 /* SupportFiles */,
			);
			sourceTree = "<group>";
		};
		627CDDB81BA9124400865F19 /* Products */ = {
			isa = PBXGroup;
			children = (
				627CDDB71BA9124400865F19 /* TableViewBackgroundImage.app */,
			);
			name = Products;
			sourceTree = "<group>";
		};
		627CDDB91BA9124400865F19 /* Source */ = {
			isa = PBXGroup;
			children = (
				627CDDBA1BA9124400865F19 /* AppDelegate.swift */,
				627CDDCC1BA9127D00865F19 /* TableViewBackgroundImage.swift */,
			);
			path = Source;
			sourceTree = "<group>";
		};
/* End PBXGroup section */

/* Begin PBXNativeTarget section */
		627CDDB61BA9124400865F19 /* TableViewBackgroundImage */ = {
			isa = PBXNativeTarget;
			buildConfigurationList = 627CDDC91BA9124400865F19 /* Build configuration list for PBXNativeTarget "TableViewBackgroundImage" */;
			buildPhases = (
				627CDDB31BA9124400865F19 /* Sources */,
				627CDDB41BA9124400865F19 /* Frameworks */,
				627CDDB51BA9124400865F19 /* Resources */,
			);
			buildRules = (
			);
			dependencies = (
			);
			name = TableViewBackgroundImage;
			productName = TableViewBackgroundImage;
			productReference = 627CDDB71BA9124400865F19 /* TableViewBackgroundImage.app */;
			productType = "com.apple.product-type.application";
		};
/* End PBXNativeTarget section */

/* Begin PBXProject section */
		627CDDAF1BA9124400865F19 /* Project object */ = {
			isa = PBXProject;
			attributes = {
				LastUpgradeCheck = 0710;
				ORGANIZATIONNAME = "Alexis Digital";
				TargetAttributes = {
					627CDDB61BA9124400865F19 = {
						CreatedOnToolsVersion = 7.1;
					};
				};
			};
			buildConfigurationList = 627CDDB21BA9124400865F19 /* Build configuration list for PBXProject "TableViewBackgroundImage" */;
			compatibilityVersion = "Xcode 3.2";
			developmentRegion = English;
			hasScannedForEncodings = 0;
			knownRegions = (
				en,
				Base,
			);
			mainGroup = 627CDDAE1BA9124400865F19;
			productRefGroup = 627CDDB81BA9124400865F19 /* Products */;
			projectDirPath = "";
			projectRoot = "";
			targets = (
				627CDDB61BA9124400865F19 /* TableViewBackgroundImage */,
			);
		};
/* End PBXProject section */

/* Begin PBXResourcesBuildPhase section */
		627CDDB51BA9124400865F19 /* Resources */ = {
			isa = PBXResourcesBuildPhase;
			buildActionMask = 2147483647;
			files = (
				627CDDC51BA9124400865F19 /* LaunchScreen.storyboard in Resources */,
				627CDDC21BA9124400865F19 /* Assets.xcassets in Resources */,
				627CDDC01BA9124400865F19 /* Main.storyboard in Resources */,
			);
			runOnlyForDeploymentPostprocessing = 0;
		};
/* End PBXResourcesBuildPhase section */

/* Begin PBXSourcesBuildPhase section */
		627CDDB31BA9124400865F19 /* Sources */ = {
			isa = PBXSourcesBuildPhase;
			buildActionMask = 2147483647;
			files = (
				627CDDCD1BA9127D00865F19 /* TableViewBackgroundImage.swift in Sources */,
				627CDDBB1BA9124400865F19 /* AppDelegate.swift in Sources */,
			);
			runOnlyForDeploymentPostprocessing = 0;
		};
/* End PBXSourcesBuildPhase section */

/* Begin PBXVariantGroup section */
		627CDDBE1BA9124400865F19 /* Main.storyboard */ = {
			isa = PBXVariantGroup;
			children = (
				627CDDBF1BA9124400865F19 /* Base */,
			);
			name = Main.storyboard;
			path = .;
			sourceTree = "<group>";
		};
		627CDDC31BA9124400865F19 /* LaunchScreen.storyboard */ = {
			isa = PBXVariantGroup;
			children = (
				627CDDC41BA9124400865F19 /* Base */,
			);
			name = LaunchScreen.storyboard;
			path = .;
			sourceTree = "<group>";
		};
/* End PBXVariantGroup section */

/* Begin XCBuildConfiguration section */
		627CDDC71BA9124400865F19 /* Debug */ = {
			isa = XCBuildConfiguration;
			buildSettings = {
				ALWAYS_SEARCH_USER_PATHS = NO;
				CLANG_CXX_LANGUAGE_STANDARD = "gnu++0x";
				CLANG_CXX_LIBRARY = "libc++";
				CLANG_ENABLE_MODULES = YES;
				CLANG_ENABLE_OBJC_ARC = YES;
				CLANG_WARN_BOOL_CONVERSION = YES;
				CLANG_WARN_CONSTANT_CONVERSION = YES;
				CLANG_WARN_DIRECT_OBJC_ISA_USAGE = YES_ERROR;
				CLANG_WARN_EMPTY_BODY = YES;
				CLANG_WARN_ENUM_CONVERSION = YES;
				CLANG_WARN_INT_CONVERSION = YES;
				CLANG_WARN_OBJC_ROOT_CLASS = YES_ERROR;
				CLANG_WARN_UNREACHABLE_CODE = YES;
				CLANG_WARN__DUPLICATE_METHOD_MATCH = YES;
				"CODE_SIGN_IDENTITY[sdk=iphoneos*]" = "iPhone Developer";
				COPY_PHASE_STRIP = NO;
				DEBUG_INFORMATION_FORMAT = dwarf;
				ENABLE_STRICT_OBJC_MSGSEND = YES;
				ENABLE_TESTABILITY = YES;
				GCC_C_LANGUAGE_STANDARD = gnu99;
				GCC_DYNAMIC_NO_PIC = NO;
				GCC_NO_COMMON_BLOCKS = YES;
				GCC_OPTIMIZATION_LEVEL = 0;
				GCC_PREPROCESSOR_DEFINITIONS = (
					"DEBUG=1",
					"$(inherited)",
				);
				GCC_WARN_64_TO_32_BIT_CONVERSION = YES;
				GCC_WARN_ABOUT_RETURN_TYPE = YES_ERROR;
				GCC_WARN_UNDECLARED_SELECTOR = YES;
				GCC_WARN_UNINITIALIZED_AUTOS = YES_AGGRESSIVE;
				GCC_WARN_UNUSED_FUNCTION = YES;
				GCC_WARN_UNUSED_VARIABLE = YES;
				IPHONEOS_DEPLOYMENT_TARGET = 9.1;
				MTL_ENABLE_DEBUG_INFO = YES;
				ONLY_ACTIVE_ARCH = YES;
				SDKROOT = iphoneos;
				SWIFT_OPTIMIZATION_LEVEL = "-Onone";
				TARGETED_DEVICE_FAMILY = "1,2";
			};
			name = Debug;
		};
		627CDDC81BA9124400865F19 /* Release */ = {
			isa = XCBuildConfiguration;
			buildSettings = {
				ALWAYS_SEARCH_USER_PATHS = NO;
				CLANG_CXX_LANGUAGE_STANDARD = "gnu++0x";
				CLANG_CXX_LIBRARY = "libc++";
				CLANG_ENABLE_MODULES = YES;
				CLANG_ENABLE_OBJC_ARC = YES;
				CLANG_WARN_BOOL_CONVERSION = YES;
				CLANG_WARN_CONSTANT_CONVERSION = YES;
				CLANG_WARN_DIRECT_OBJC_ISA_USAGE = YES_ERROR;
				CLANG_WARN_EMPTY_BODY = YES;
				CLANG_WARN_ENUM_CONVERSION = YES;
				CLANG_WARN_INT_CONVERSION = YES;
				CLANG_WARN_OBJC_ROOT_CLASS = YES_ERROR;
				CLANG_WARN_UNREACHABLE_CODE = YES;
				CLANG_WARN__DUPLICATE_METHOD_MATCH = YES;
				"CODE_SIGN_IDENTITY[sdk=iphoneos*]" = "iPhone Developer";
				COPY_PHASE_STRIP = NO;
				DEBUG_INFORMATION_FORMAT = "dwarf-with-dsym";
				ENABLE_NS_ASSERTIONS = NO;
				ENABLE_STRICT_OBJC_MSGSEND = YES;
				GCC_C_LANGUAGE_STANDARD = gnu99;
				GCC_NO_COMMON_BLOCKS = YES;
				GCC_WARN_64_TO_32_BIT_CONVERSION = YES;
				GCC_WARN_ABOUT_RETURN_TYPE = YES_ERROR;
				GCC_WARN_UNDECLARED_SELECTOR = YES;
				GCC_WARN_UNINITIALIZED_AUTOS = YES_AGGRESSIVE;
				GCC_WARN_UNUSED_FUNCTION = YES;
				GCC_WARN_UNUSED_VARIABLE = YES;
				IPHONEOS_DEPLOYMENT_TARGET = 9.1;
				MTL_ENABLE_DEBUG_INFO = NO;
				SDKROOT = iphoneos;
				TARGETED_DEVICE_FAMILY = "1,2";
				VALIDATE_PRODUCT = YES;
			};
			name = Release;
		};
		627CDDCA1BA9124400865F19 /* Debug */ = {
			isa = XCBuildConfiguration;
			buildSettings = {
				ASSETCATALOG_COMPILER_APPICON_NAME = AppIcon;
				CODE_SIGN_IDENTITY = "iPhone Developer";
				INFOPLIST_FILE = "$(SRCROOT)/SupportFiles/Info.plist";
				IPHONEOS_DEPLOYMENT_TARGET = 9.0;
				LD_RUNPATH_SEARCH_PATHS = "$(inherited) @executable_path/Frameworks";
				PRODUCT_BUNDLE_IDENTIFIER = com.alexisdigital.TableViewBackgroundImage;
				PRODUCT_NAME = "$(TARGET_NAME)";
			};
			name = Debug;
		};
		627CDDCB1BA9124400865F19 /* Release */ = {
			isa = XCBuildConfiguration;
			buildSettings = {
				ASSETCATALOG_COMPILER_APPICON_NAME = AppIcon;
				CODE_SIGN_IDENTITY = "iPhone Developer";
				INFOPLIST_FILE = "$(SRCROOT)/SupportFiles/Info.plist";
				IPHONEOS_DEPLOYMENT_TARGET = 9.0;
				LD_RUNPATH_SEARCH_PATHS = "$(inherited) @executable_path/Frameworks";
				PRODUCT_BUNDLE_IDENTIFIER = com.alexisdigital.TableViewBackgroundImage;
				PRODUCT_NAME = "$(TARGET_NAME)";
			};
			name = Release;
		};
/* End XCBuildConfiguration section */

/* Begin XCConfigurationList section */
		627CDDB21BA9124400865F19 /* Build configuration list for PBXProject "TableViewBackgroundImage" */ = {
			isa = XCConfigurationList;
			buildConfigurations = (
				627CDDC71BA9124400865F19 /* Debug */,
				627CDDC81BA9124400865F19 /* Release */,
			);
			defaultConfigurationIsVisible = 0;
			defaultConfigurationName = Release;
		};
		627CDDC91BA9124400865F19 /* Build configuration list for PBXNativeTarget "TableViewBackgroundImage" */ = {
			isa = XCConfigurationList;
			buildConfigurations = (
				627CDDCA1BA9124400865F19 /* Debug */,
				627CDDCB1BA9124400865F19 /* Release */,
			);
			defaultConfigurationIsVisible = 0;
			defaultConfigurationName = Release;
		};
/* End XCConfigurationList section */
	};
	rootObject = 627CDDAF1BA9124400865F19 /* Project object */;
}
